<?xml version="1.0" encoding="UTF-8" standalone="yes" ?>
<CodeBlocks_project_file>
	<FileVersion major="1" minor="6" />
	<Project>
		<Option title="toon" />
		<Option pch_mode="2" />
		<Option compiler="gcc" />
		<Build>
			<Target title="Debug">
				<Option output="debug" prefix_auto="1" extension_auto="1" />
				<Option working_dir="C:/Users/richardba/workspace/roaming/toon/" />
				<Option object_output="obj/Debug/" />
				<Option type="1" />
				<Option compiler="gcc" />
				<Compiler>
					<Add option="-g" />
				</Compiler>
			</Target>
			<Target title="Release">
				<Option output="release" prefix_auto="1" extension_auto="1" />
				<Option working_dir="C:/Users/richardba/workspace/roaming/toon/" />
				<Option object_output="obj/Release/" />
				<Option type="1" />
				<Option compiler="gcc" />
				<Compiler>
					<Add option="-O2" />
				</Compiler>
				<Linker>
					<Add option="-s" />
				</Linker>
			</Target>
		</Build>
		<Compiler>
			<Add option="-Wall" />
		</Compiler>
		<Unit filename="include/Controls.h" />
		<Unit filename="include/Objloader.h" />
		<Unit filename="include/Patch.h" />
		<Unit filename="include/Shader.h" />
		<Unit filename="include/Tangentspace.h" />
		<Unit filename="include/Terrain.h" />
		<Unit filename="include/Texture.h" />
		<Unit filename="include/Vbo.h" />
		<Unit filename="include/Vboindexer.h" />
		<Unit filename="include/utils.h" />
		<Unit filename="src/Classes.cpp" />
		<Unit filename="src/controls.cpp" />
		<Unit filename="src/main.cpp" />
		<Unit filename="src/objloader.cpp" />
		<Unit filename="src/shader.cpp" />
		<Unit filename="src/tangentspace.cpp" />
		<Unit filename="src/texture.cpp" />
		<Unit filename="src/utils.cpp" />
		<Unit filename="src/vboindexer.cpp" />
		<Extensions>
			<code_completion />
			<envvars />
			<debugger />
			<lib_finder disable_auto="1" />
		</Extensions>
	</Project>
</CodeBlocks_project_file>
